Microsoft Visual Studio Solution File, Format Version 12.00
# Visual Studio Version 17
VisualStudioVersion = 17.5.2.0
MinimumVisualStudioVersion = 10.0.40219.1
Project("{9A19103F-16F7-4668-BE54-9A1E7A4F7556}") = "LogisticsCore", "LogisticsCore.csproj", "{CFB4A388-5347-AF24-BC00-45C8BF0AA45D}"
EndProject
Global
	GlobalSection(SolutionConfigurationPlatforms) = preSolution
		Debug|Any CPU = Debug|Any CPU
		Release|Any CPU = Release|Any CPU
	EndGlobalSection
	GlobalSection(ProjectConfigurationPlatforms) = postSolution
		{CFB4A388-5347-AF24-BC00-45C8BF0AA45D}.Debug|Any CPU.ActiveCfg = Debug|Any CPU
		{CFB4A388-5347-AF24-BC00-45C8BF0AA45D}.Debug|Any CPU.Build.0 = Debug|Any CPU
		{CFB4A388-5347-AF24-BC00-45C8BF0AA45D}.Release|Any CPU.ActiveCfg = Release|Any CPU
		{CFB4A388-5347-AF24-BC00-45C8BF0AA45D}.Release|Any CPU.Build.0 = Release|Any CPU
	EndGlobalSection
	GlobalSection(SolutionProperties) = preSolution
		HideSolutionNode = FALSE
	EndGlobalSection
	GlobalSection(ExtensibilityGlobals) = postSolution
		SolutionGuid = {6ECAE6F7-AB29-47CE-B6AD-C7486D131212}
	EndGlobalSection
EndGlobal
